
Microsoft Visual Studio Solution File, Format Version 12.00
# Visual Studio Version 17
VisualStudioVersion = 17.0.31903.59
MinimumVisualStudioVersion = 10.0.40219.1
Project("{FAE04EC0-301F-11D3-BF4B-00C04F79EFBC}") = "Rafiq.Domain", "Rafiq.Domain\Rafiq.Domain.csproj", "{AFAC46C0-0ECD-4475-8F9E-063194B9270A}"
EndProject
Project("{FAE04EC0-301F-11D3-BF4B-00C04F79EFBC}") = "Rafiq.Application", "Rafiq.Application\Rafiq.Application.csproj", "{D75D359C-34FA-4D2C-AA38-E0F78ADC5EA9}"
EndProject
Project("{FAE04EC0-301F-11D3-BF4B-00C04F79EFBC}") = "Rafiq.Infrastructure", "Rafiq.Infrastructure\Rafiq.Infrastructure.csproj", "{970DFA9A-99E0-4C53-A945-9A4975B8F7CC}"
EndProject
Project("{FAE04EC0-301F-11D3-BF4B-00C04F79EFBC}") = "Rafiq.API", "Rafiq.API\Rafiq.API.csproj", "{36B53DF4-34DB-40CE-B47A-6D3968215223}"
EndProject
Global
	GlobalSection(SolutionConfigurationPlatforms) = preSolution
		Debug|Any CPU = Debug|Any CPU
		Debug|x64 = Debug|x64
		Debug|x86 = Debug|x86
		Release|Any CPU = Release|Any CPU
		Release|x64 = Release|x64
		Release|x86 = Release|x86
	EndGlobalSection
	GlobalSection(ProjectConfigurationPlatforms) = postSolution
		{AFAC46C0-0ECD-4475-8F9E-063194B9270A}.Debug|Any CPU.ActiveCfg = Debug|Any CPU
		{AFAC46C0-0ECD-4475-8F9E-063194B9270A}.Debug|Any CPU.Build.0 = Debug|Any CPU
		{AFAC46C0-0ECD-4475-8F9E-063194B9270A}.Debug|x64.ActiveCfg = Debug|Any CPU
		{AFAC46C0-0ECD-4475-8F9E-063194B9270A}.Debug|x64.Build.0 = Debug|Any CPU
		{AFAC46C0-0ECD-4475-8F9E-063194B9270A}.Debug|x86.ActiveCfg = Debug|Any CPU
		{AFAC46C0-0ECD-4475-8F9E-063194B9270A}.Debug|x86.Build.0 = Debug|Any CPU
		{AFAC46C0-0ECD-4475-8F9E-063194B9270A}.Release|Any CPU.ActiveCfg = Release|Any CPU
		{AFAC46C0-0ECD-4475-8F9E-063194B9270A}.Release|Any CPU.Build.0 = Release|Any CPU
		{AFAC46C0-0ECD-4475-8F9E-063194B9270A}.Release|x64.ActiveCfg = Release|Any CPU
		{AFAC46C0-0ECD-4475-8F9E-063194B9270A}.Release|x64.Build.0 = Release|Any CPU
		{AFAC46C0-0ECD-4475-8F9E-063194B9270A}.Release|x86.ActiveCfg = Release|Any CPU
		{AFAC46C0-0ECD-4475-8F9E-063194B9270A}.Release|x86.Build.0 = Release|Any CPU
		{D75D359C-34FA-4D2C-AA38-E0F78ADC5EA9}.Debug|Any CPU.ActiveCfg = Debug|Any CPU
		{D75D359C-34FA-4D2C-AA38-E0F78ADC5EA9}.Debug|Any CPU.Build.0 = Debug|Any CPU
		{D75D359C-34FA-4D2C-AA38-E0F78ADC5EA9}.Debug|x64.ActiveCfg = Debug|Any CPU
		{D75D359C-34FA-4D2C-AA38-E0F78ADC5EA9}.Debug|x64.Build.0 = Debug|Any CPU
		{D75D359C-34FA-4D2C-AA38-E0F78ADC5EA9}.Debug|x86.ActiveCfg = Debug|Any CPU
		{D75D359C-34FA-4D2C-AA38-E0F78ADC5EA9}.Debug|x86.Build.0 = Debug|Any CPU
		{D75D359C-34FA-4D2C-AA38-E0F78ADC5EA9}.Release|Any CPU.ActiveCfg = Release|Any CPU
		{D75D359C-34FA-4D2C-AA38-E0F78ADC5EA9}.Release|Any CPU.Build.0 = Release|Any CPU
		{D75D359C-34FA-4D2C-AA38-E0F78ADC5EA9}.Release|x64.ActiveCfg = Release|Any CPU
		{D75D359C-34FA-4D2C-AA38-E0F78ADC5EA9}.Release|x64.Build.0 = Release|Any CPU
		{D75D359C-34FA-4D2C-AA38-E0F78ADC5EA9}.Release|x86.ActiveCfg = Release|Any CPU
		{D75D359C-34FA-4D2C-AA38-E0F78ADC5EA9}.Release|x86.Build.0 = Release|Any CPU
		{970DFA9A-99E0-4C53-A945-9A4975B8F7CC}.Debug|Any CPU.ActiveCfg = Debug|Any CPU
		{970DFA9A-99E0-4C53-A945-9A4975B8F7CC}.Debug|Any CPU.Build.0 = Debug|Any CPU
		{970DFA9A-99E0-4C53-A945-9A4975B8F7CC}.Debug|x64.ActiveCfg = Debug|Any CPU
		{970DFA9A-99E0-4C53-A945-9A4975B8F7CC}.Debug|x64.Build.0 = Debug|Any CPU
		{970DFA9A-99E0-4C53-A945-9A4975B8F7CC}.Debug|x86.ActiveCfg = Debug|Any CPU
		{970DFA9A-99E0-4C53-A945-9A4975B8F7CC}.Debug|x86.Build.0 = Debug|Any CPU
		{970DFA9A-99E0-4C53-A945-9A4975B8F7CC}.Release|Any CPU.ActiveCfg = Release|Any CPU
		{970DFA9A-99E0-4C53-A945-9A4975B8F7CC}.Release|Any CPU.Build.0 = Release|Any CPU
		{970DFA9A-99E0-4C53-A945-9A4975B8F7CC}.Release|x64.ActiveCfg = Release|Any CPU
		{970DFA9A-99E0-4C53-A945-9A4975B8F7CC}.Release|x64.Build.0 = Release|Any CPU
		{970DFA9A-99E0-4C53-A945-9A4975B8F7CC}.Release|x86.ActiveCfg = Release|Any CPU
		{970DFA9A-99E0-4C53-A945-9A4975B8F7CC}.Release|x86.Build.0 = Release|Any CPU
		{36B53DF4-34DB-40CE-B47A-6D3968215223}.Debug|Any CPU.ActiveCfg = Debug|Any CPU
		{36B53DF4-34DB-40CE-B47A-6D3968215223}.Debug|Any CPU.Build.0 = Debug|Any CPU
		{36B53DF4-34DB-40CE-B47A-6D3968215223}.Debug|x64.ActiveCfg = Debug|Any CPU
		{36B53DF4-34DB-40CE-B47A-6D3968215223}.Debug|x64.Build.0 = Debug|Any CPU
		{36B53DF4-34DB-40CE-B47A-6D3968215223}.Debug|x86.ActiveCfg = Debug|Any CPU
		{36B53DF4-34DB-40CE-B47A-6D3968215223}.Debug|x86.Build.0 = Debug|Any CPU
		{36B53DF4-34DB-40CE-B47A-6D3968215223}.Release|Any CPU.ActiveCfg = Release|Any CPU
		{36B53DF4-34DB-40CE-B47A-6D3968215223}.Release|Any CPU.Build.0 = Release|Any CPU
		{36B53DF4-34DB-40CE-B47A-6D3968215223}.Release|x64.ActiveCfg = Release|Any CPU
		{36B53DF4-34DB-40CE-B47A-6D3968215223}.Release|x64.Build.0 = Release|Any CPU
		{36B53DF4-34DB-40CE-B47A-6D3968215223}.Release|x86.ActiveCfg = Release|Any CPU
		{36B53DF4-34DB-40CE-B47A-6D3968215223}.Release|x86.Build.0 = Release|Any CPU
	EndGlobalSection
	GlobalSection(SolutionProperties) = preSolution
		HideSolutionNode = FALSE
	EndGlobalSection
EndGlobal
